
Microsoft Visual Studio Solution File, Format Version 12.00
# Visual Studio 15
VisualStudioVersion = 15.0.27703.2042
MinimumVisualStudioVersion = 10.0.40219.1
Project("{FAE04EC0-301F-11D3-BF4B-00C04F79EFBC}") = "WingsOnApi", "WingsOnApi\WingsOnApi.csproj", "{71BC9760-09EF-410F-994A-96B5B0D3371F}"
EndProject
Project("{FAE04EC0-301F-11D3-BF4B-00C04F79EFBC}") = "WingsOnApi.Tests", "WingsOnApi.Tests\WingsOnApi.Tests.csproj", "{8BAD703B-AE7C-42F4-B8D7-2FF0B8F55DE4}"
EndProject
Project("{FAE04EC0-301F-11D3-BF4B-00C04F79EFBC}") = "WingsOn.Domain", "WingsOn.Domain\WingsOn.Domain.csproj", "{F1792ED2-360F-4864-8A3D-3FAAE3E9FC4B}"
EndProject
Project("{FAE04EC0-301F-11D3-BF4B-00C04F79EFBC}") = "WingsOn.Dal", "WingsOn.Dal\WingsOn.Dal.csproj", "{2B68B6A5-72F1-4DD8-849C-B0A7365A0480}"
EndProject
Project("{FAE04EC0-301F-11D3-BF4B-00C04F79EFBC}") = "WingsOn.Services", "WingsOn.Services\WingsOn.Services.csproj", "{55B1C580-87F3-4401-8C82-C529F30830F2}"
EndProject
Global
	GlobalSection(SolutionConfigurationPlatforms) = preSolution
		Debug|Any CPU = Debug|Any CPU
		Release|Any CPU = Release|Any CPU
	EndGlobalSection
	GlobalSection(ProjectConfigurationPlatforms) = postSolution
		{71BC9760-09EF-410F-994A-96B5B0D3371F}.Debug|Any CPU.ActiveCfg = Debug|Any CPU
		{71BC9760-09EF-410F-994A-96B5B0D3371F}.Debug|Any CPU.Build.0 = Debug|Any CPU
		{71BC9760-09EF-410F-994A-96B5B0D3371F}.Release|Any CPU.ActiveCfg = Release|Any CPU
		{71BC9760-09EF-410F-994A-96B5B0D3371F}.Release|Any CPU.Build.0 = Release|Any CPU
		{8BAD703B-AE7C-42F4-B8D7-2FF0B8F55DE4}.Debug|Any CPU.ActiveCfg = Debug|Any CPU
		{8BAD703B-AE7C-42F4-B8D7-2FF0B8F55DE4}.Debug|Any CPU.Build.0 = Debug|Any CPU
		{8BAD703B-AE7C-42F4-B8D7-2FF0B8F55DE4}.Release|Any CPU.ActiveCfg = Release|Any CPU
		{8BAD703B-AE7C-42F4-B8D7-2FF0B8F55DE4}.Release|Any CPU.Build.0 = Release|Any CPU
		{F1792ED2-360F-4864-8A3D-3FAAE3E9FC4B}.Debug|Any CPU.ActiveCfg = Debug|Any CPU
		{F1792ED2-360F-4864-8A3D-3FAAE3E9FC4B}.Debug|Any CPU.Build.0 = Debug|Any CPU
		{F1792ED2-360F-4864-8A3D-3FAAE3E9FC4B}.Release|Any CPU.ActiveCfg = Release|Any CPU
		{F1792ED2-360F-4864-8A3D-3FAAE3E9FC4B}.Release|Any CPU.Build.0 = Release|Any CPU
		{2B68B6A5-72F1-4DD8-849C-B0A7365A0480}.Debug|Any CPU.ActiveCfg = Debug|Any CPU
		{2B68B6A5-72F1-4DD8-849C-B0A7365A0480}.Debug|Any CPU.Build.0 = Debug|Any CPU
		{2B68B6A5-72F1-4DD8-849C-B0A7365A0480}.Release|Any CPU.ActiveCfg = Release|Any CPU
		{2B68B6A5-72F1-4DD8-849C-B0A7365A0480}.Release|Any CPU.Build.0 = Release|Any CPU
		{55B1C580-87F3-4401-8C82-C529F30830F2}.Debug|Any CPU.ActiveCfg = Debug|Any CPU
		{55B1C580-87F3-4401-8C82-C529F30830F2}.Debug|Any CPU.Build.0 = Debug|Any CPU
		{55B1C580-87F3-4401-8C82-C529F30830F2}.Release|Any CPU.ActiveCfg = Release|Any CPU
		{55B1C580-87F3-4401-8C82-C529F30830F2}.Release|Any CPU.Build.0 = Release|Any CPU
	EndGlobalSection
	GlobalSection(SolutionProperties) = preSolution
		HideSolutionNode = FALSE
	EndGlobalSection
	GlobalSection(ExtensibilityGlobals) = postSolution
		SolutionGuid = {AFC178AC-9E59-4417-AB39-063E49AA3114}
	EndGlobalSection
EndGlobal
